// !$*UTF8*$!
{
	archiveVersion = 1;
	classes = {
	};
	objectVersion = 56;
	objects = {

/* Begin PBXBuildFile section */
		EC1C032829B1DDA500DFDE19 /* FlowLayoutCell.swift in Sources */ = {isa = PBXBuildFile; fileRef = EC1C032729B1DDA500DFDE19 /* FlowLayoutCell.swift */; };
		EC1C032B29B1DEFF00DFDE19 /* CuratedPhotoDTO.swift in Sources */ = {isa = PBXBuildFile; fileRef = EC1C032A29B1DEFF00DFDE19 /* CuratedPhotoDTO.swift */; };
		EC1C032D29B1DF1200DFDE19 /* CuraredPhotosViewModel.swift in Sources */ = {isa = PBXBuildFile; fileRef = EC1C032C29B1DF1200DFDE19 /* CuraredPhotosViewModel.swift */; };
		EC1C033329B1E03100DFDE19 /* NetworkService.swift in Sources */ = {isa = PBXBuildFile; fileRef = EC1C033229B1E03100DFDE19 /* NetworkService.swift */; };
		EC1C033529B1E05400DFDE19 /* EndpointProtocol.swift in Sources */ = {isa = PBXBuildFile; fileRef = EC1C033429B1E05400DFDE19 /* EndpointProtocol.swift */; };
		EC1C033729B1E06F00DFDE19 /* RequestMethod.swift in Sources */ = {isa = PBXBuildFile; fileRef = EC1C033629B1E06F00DFDE19 /* RequestMethod.swift */; };
		EC1C033A29B1E1E600DFDE19 /* MainEndpoint.swift in Sources */ = {isa = PBXBuildFile; fileRef = EC1C033929B1E1E600DFDE19 /* MainEndpoint.swift */; };
		EC1C033D29B1E4EE00DFDE19 /* Kingfisher in Frameworks */ = {isa = PBXBuildFile; productRef = EC1C033C29B1E4EE00DFDE19 /* Kingfisher */; };
		EC1C033F29B1EC0C00DFDE19 /* DetailInfoViewModel.swift in Sources */ = {isa = PBXBuildFile; fileRef = EC1C033E29B1EC0C00DFDE19 /* DetailInfoViewModel.swift */; };
		EC1C034129B2173800DFDE19 /* AlertService.swift in Sources */ = {isa = PBXBuildFile; fileRef = EC1C034029B2173800DFDE19 /* AlertService.swift */; };
		ECC810EC29AF497500CEE04B /* DetailInfoViewController.swift in Sources */ = {isa = PBXBuildFile; fileRef = ECC810EB29AF497500CEE04B /* DetailInfoViewController.swift */; };
		ECC810EE29AF49D900CEE04B /* DetailInfoPresenter.swift in Sources */ = {isa = PBXBuildFile; fileRef = ECC810ED29AF49D900CEE04B /* DetailInfoPresenter.swift */; };
		ECC994F429ADE86400F283E1 /* MainPresenter.swift in Sources */ = {isa = PBXBuildFile; fileRef = ECC994F329ADE86400F283E1 /* MainPresenter.swift */; };
		ECD07C6F29AD215600CAE16B /* AppDelegate.swift in Sources */ = {isa = PBXBuildFile; fileRef = ECD07C6E29AD215600CAE16B /* AppDelegate.swift */; };
		ECD07C7329AD215600CAE16B /* MainViewController.swift in Sources */ = {isa = PBXBuildFile; fileRef = ECD07C7229AD215600CAE16B /* MainViewController.swift */; };
		ECD07C7829AD215800CAE16B /* Assets.xcassets in Resources */ = {isa = PBXBuildFile; fileRef = ECD07C7729AD215800CAE16B /* Assets.xcassets */; };
		ECD07C7B29AD215800CAE16B /* LaunchScreen.storyboard in Resources */ = {isa = PBXBuildFile; fileRef = ECD07C7929AD215800CAE16B /* LaunchScreen.storyboard */; };
		ECD07C8729AD2E9400CAE16B /* AssemblyModuleBuilder.swift in Sources */ = {isa = PBXBuildFile; fileRef = ECD07C8629AD2E9400CAE16B /* AssemblyModuleBuilder.swift */; };
		ECD07C8929AD2FA600CAE16B /* Router.swift in Sources */ = {isa = PBXBuildFile; fileRef = ECD07C8829AD2FA600CAE16B /* Router.swift */; };
/* End PBXBuildFile section */

/* Begin PBXFileReference section */
		EC1C032729B1DDA500DFDE19 /* FlowLayoutCell.swift */ = {isa = PBXFileReference; lastKnownFileType = sourcecode.swift; name = FlowLayoutCell.swift; path = ../FlowLayoutCell.swift; sourceTree = "<group>"; };
		EC1C032A29B1DEFF00DFDE19 /* CuratedPhotoDTO.swift */ = {isa = PBXFileReference; lastKnownFileType = sourcecode.swift; path = CuratedPhotoDTO.swift; sourceTree = "<group>"; };
		EC1C032C29B1DF1200DFDE19 /* CuraredPhotosViewModel.swift */ = {isa = PBXFileReference; lastKnownFileType = sourcecode.swift; path = CuraredPhotosViewModel.swift; sourceTree = "<group>"; };
		EC1C033229B1E03100DFDE19 /* NetworkService.swift */ = {isa = PBXFileReference; lastKnownFileType = sourcecode.swift; path = NetworkService.swift; sourceTree = "<group>"; };
		EC1C033429B1E05400DFDE19 /* EndpointProtocol.swift */ = {isa = PBXFileReference; lastKnownFileType = sourcecode.swift; path = EndpointProtocol.swift; sourceTree = "<group>"; };
		EC1C033629B1E06F00DFDE19 /* RequestMethod.swift */ = {isa = PBXFileReference; lastKnownFileType = sourcecode.swift; path = RequestMethod.swift; sourceTree = "<group>"; };
		EC1C033929B1E1E600DFDE19 /* MainEndpoint.swift */ = {isa = PBXFileReference; lastKnownFileType = sourcecode.swift; path = MainEndpoint.swift; sourceTree = "<group>"; };
		EC1C033E29B1EC0C00DFDE19 /* DetailInfoViewModel.swift */ = {isa = PBXFileReference; lastKnownFileType = sourcecode.swift; path = DetailInfoViewModel.swift; sourceTree = "<group>"; };
		EC1C034029B2173800DFDE19 /* AlertService.swift */ = {isa = PBXFileReference; lastKnownFileType = sourcecode.swift; path = AlertService.swift; sourceTree = "<group>"; };
		ECC810EB29AF497500CEE04B /* DetailInfoViewController.swift */ = {isa = PBXFileReference; lastKnownFileType = sourcecode.swift; path = DetailInfoViewController.swift; sourceTree = "<group>"; };
		ECC810ED29AF49D900CEE04B /* DetailInfoPresenter.swift */ = {isa = PBXFileReference; lastKnownFileType = sourcecode.swift; path = DetailInfoPresenter.swift; sourceTree = "<group>"; };
		ECC994F329ADE86400F283E1 /* MainPresenter.swift */ = {isa = PBXFileReference; lastKnownFileType = sourcecode.swift; path = MainPresenter.swift; sourceTree = "<group>"; };
		ECD07C6B29AD215600CAE16B /* WallpaperMVP.app */ = {isa = PBXFileReference; explicitFileType = wrapper.application; includeInIndex = 0; path = WallpaperMVP.app; sourceTree = BUILT_PRODUCTS_DIR; };
		ECD07C6E29AD215600CAE16B /* AppDelegate.swift */ = {isa = PBXFileReference; lastKnownFileType = sourcecode.swift; path = AppDelegate.swift; sourceTree = "<group>"; };
		ECD07C7229AD215600CAE16B /* MainViewController.swift */ = {isa = PBXFileReference; lastKnownFileType = sourcecode.swift; path = MainViewController.swift; sourceTree = "<group>"; };
		ECD07C7729AD215800CAE16B /* Assets.xcassets */ = {isa = PBXFileReference; lastKnownFileType = folder.assetcatalog; path = Assets.xcassets; sourceTree = "<group>"; };
		ECD07C7A29AD215800CAE16B /* Base */ = {isa = PBXFileReference; lastKnownFileType = file.storyboard; name = Base; path = Base.lproj/LaunchScreen.storyboard; sourceTree = "<group>"; };
		ECD07C7C29AD215800CAE16B /* Info.plist */ = {isa = PBXFileReference; lastKnownFileType = text.plist.xml; path = Info.plist; sourceTree = "<group>"; };
		ECD07C8629AD2E9400CAE16B /* AssemblyModuleBuilder.swift */ = {isa = PBXFileReference; lastKnownFileType = sourcecode.swift; path = AssemblyModuleBuilder.swift; sourceTree = "<group>"; };
		ECD07C8829AD2FA600CAE16B /* Router.swift */ = {isa = PBXFileReference; lastKnownFileType = sourcecode.swift; path = Router.swift; sourceTree = "<group>"; };
/* End PBXFileReference section */

/* Begin PBXFrameworksBuildPhase section */
		ECD07C6829AD215600CAE16B /* Frameworks */ = {
			isa = PBXFrameworksBuildPhase;
			buildActionMask = 2147483647;
			files = (
				EC1C033D29B1E4EE00DFDE19 /* Kingfisher in Frameworks */,
			);
			runOnlyForDeploymentPostprocessing = 0;
		};
/* End PBXFrameworksBuildPhase section */

/* Begin PBXGroup section */
		EC1C032929B1DEE900DFDE19 /* Model */ = {
			isa = PBXGroup;
			children = (
				EC1C032A29B1DEFF00DFDE19 /* CuratedPhotoDTO.swift */,
				EC1C032C29B1DF1200DFDE19 /* CuraredPhotosViewModel.swift */,
			);
			path = Model;
			sourceTree = "<group>";
		};
		EC1C032E29B1DF5B00DFDE19 /* Services */ = {
			isa = PBXGroup;
			children = (
				EC1C033029B1E00900DFDE19 /* NetworkService */,
				EC1C034229B2173C00DFDE19 /* AlertService */,
			);
			path = Services;
			sourceTree = "<group>";
		};
		EC1C033029B1E00900DFDE19 /* NetworkService */ = {
			isa = PBXGroup;
			children = (
				EC1C033229B1E03100DFDE19 /* NetworkService.swift */,
				EC1C033429B1E05400DFDE19 /* EndpointProtocol.swift */,
				EC1C033629B1E06F00DFDE19 /* RequestMethod.swift */,
				EC1C033929B1E1E600DFDE19 /* MainEndpoint.swift */,
			);
			path = NetworkService;
			sourceTree = "<group>";
		};
		EC1C034229B2173C00DFDE19 /* AlertService */ = {
			isa = PBXGroup;
			children = (
				EC1C034029B2173800DFDE19 /* AlertService.swift */,
			);
			path = AlertService;
			sourceTree = "<group>";
		};
		EC45210729AE9EAD0091663E /* Modules */ = {
			isa = PBXGroup;
			children = (
				EC1C032929B1DEE900DFDE19 /* Model */,
				ECC810E829AF2C3200CEE04B /* Cell */,
				ECD07C8429AD294B00CAE16B /* Main */,
				EC45210829AE9EB50091663E /* DetailInfo */,
			);
			path = Modules;
			sourceTree = "<group>";
		};
		EC45210829AE9EB50091663E /* DetailInfo */ = {
			isa = PBXGroup;
			children = (
				ECC810EB29AF497500CEE04B /* DetailInfoViewController.swift */,
				ECC810ED29AF49D900CEE04B /* DetailInfoPresenter.swift */,
				EC1C033E29B1EC0C00DFDE19 /* DetailInfoViewModel.swift */,
			);
			path = DetailInfo;
			sourceTree = "<group>";
		};
		ECC810E829AF2C3200CEE04B /* Cell */ = {
			isa = PBXGroup;
			children = (
				EC1C032729B1DDA500DFDE19 /* FlowLayoutCell.swift */,
			);
			path = Cell;
			sourceTree = "<group>";
		};
		ECD07C6229AD215600CAE16B = {
			isa = PBXGroup;
			children = (
				ECD07C6D29AD215600CAE16B /* WallpaperMVP */,
				ECD07C6C29AD215600CAE16B /* Products */,
			);
			sourceTree = "<group>";
		};
		ECD07C6C29AD215600CAE16B /* Products */ = {
			isa = PBXGroup;
			children = (
				ECD07C6B29AD215600CAE16B /* WallpaperMVP.app */,
			);
			name = Products;
			sourceTree = "<group>";
		};
		ECD07C6D29AD215600CAE16B /* WallpaperMVP */ = {
			isa = PBXGroup;
			children = (
				ECD07C8329AD26C900CAE16B /* App */,
				ECD07C8529AD2E7800CAE16B /* ModuleBuilder */,
				EC1C032E29B1DF5B00DFDE19 /* Services */,
				EC45210729AE9EAD0091663E /* Modules */,
				ECD07C8229AD260C00CAE16B /* Resources */,
			);
			path = WallpaperMVP;
			sourceTree = "<group>";
		};
		ECD07C8229AD260C00CAE16B /* Resources */ = {
			isa = PBXGroup;
			children = (
				ECD07C7929AD215800CAE16B /* LaunchScreen.storyboard */,
				ECD07C7729AD215800CAE16B /* Assets.xcassets */,
				ECD07C7C29AD215800CAE16B /* Info.plist */,
			);
			path = Resources;
			sourceTree = "<group>";
		};
		ECD07C8329AD26C900CAE16B /* App */ = {
			isa = PBXGroup;
			children = (
				ECD07C6E29AD215600CAE16B /* AppDelegate.swift */,
			);
			path = App;
			sourceTree = "<group>";
		};
		ECD07C8429AD294B00CAE16B /* Main */ = {
			isa = PBXGroup;
			children = (
				ECD07C7229AD215600CAE16B /* MainViewController.swift */,
				ECC994F329ADE86400F283E1 /* MainPresenter.swift */,
			);
			path = Main;
			sourceTree = "<group>";
		};
		ECD07C8529AD2E7800CAE16B /* ModuleBuilder */ = {
			isa = PBXGroup;
			children = (
				ECD07C8629AD2E9400CAE16B /* AssemblyModuleBuilder.swift */,
				ECD07C8829AD2FA600CAE16B /* Router.swift */,
			);
			path = ModuleBuilder;
			sourceTree = "<group>";
		};
/* End PBXGroup section */

/* Begin PBXNativeTarget section */
		ECD07C6A29AD215600CAE16B /* WallpaperMVP */ = {
			isa = PBXNativeTarget;
			buildConfigurationList = ECD07C7F29AD215800CAE16B /* Build configuration list for PBXNativeTarget "WallpaperMVP" */;
			buildPhases = (
				ECD07C6729AD215600CAE16B /* Sources */,
				ECD07C6829AD215600CAE16B /* Frameworks */,
				ECD07C6929AD215600CAE16B /* Resources */,
			);
			buildRules = (
			);
			dependencies = (
			);
			name = WallpaperMVP;
			packageProductDependencies = (
				EC1C033C29B1E4EE00DFDE19 /* Kingfisher */,
			);
			productName = WallpaperMVP;
			productReference = ECD07C6B29AD215600CAE16B /* WallpaperMVP.app */;
			productType = "com.apple.product-type.application";
		};
/* End PBXNativeTarget section */

/* Begin PBXProject section */
		ECD07C6329AD215600CAE16B /* Project object */ = {
			isa = PBXProject;
			attributes = {
				BuildIndependentTargetsInParallel = 1;
				LastSwiftUpdateCheck = 1400;
				LastUpgradeCheck = 1400;
				TargetAttributes = {
					ECD07C6A29AD215600CAE16B = {
						CreatedOnToolsVersion = 14.0.1;
					};
				};
			};
			buildConfigurationList = ECD07C6629AD215600CAE16B /* Build configuration list for PBXProject "WallpaperMVP" */;
			compatibilityVersion = "Xcode 14.0";
			developmentRegion = en;
			hasScannedForEncodings = 0;
			knownRegions = (
				en,
				Base,
			);
			mainGroup = ECD07C6229AD215600CAE16B;
			packageReferences = (
				EC1C033B29B1E4EE00DFDE19 /* XCRemoteSwiftPackageReference "Kingfisher" */,
			);
			productRefGroup = ECD07C6C29AD215600CAE16B /* Products */;
			projectDirPath = "";
			projectRoot = "";
			targets = (
				ECD07C6A29AD215600CAE16B /* WallpaperMVP */,
			);
		};
/* End PBXProject section */

/* Begin PBXResourcesBuildPhase section */
		ECD07C6929AD215600CAE16B /* Resources */ = {
			isa = PBXResourcesBuildPhase;
			buildActionMask = 2147483647;
			files = (
				ECD07C7B29AD215800CAE16B /* LaunchScreen.storyboard in Resources */,
				ECD07C7829AD215800CAE16B /* Assets.xcassets in Resources */,
			);
			runOnlyForDeploymentPostprocessing = 0;
		};
/* End PBXResourcesBuildPhase section */

/* Begin PBXSourcesBuildPhase section */
		ECD07C6729AD215600CAE16B /* Sources */ = {
			isa = PBXSourcesBuildPhase;
			buildActionMask = 2147483647;
			files = (
				EC1C033729B1E06F00DFDE19 /* RequestMethod.swift in Sources */,
				EC1C033529B1E05400DFDE19 /* EndpointProtocol.swift in Sources */,
				EC1C033329B1E03100DFDE19 /* NetworkService.swift in Sources */,
				EC1C032B29B1DEFF00DFDE19 /* CuratedPhotoDTO.swift in Sources */,
				ECC994F429ADE86400F283E1 /* MainPresenter.swift in Sources */,
				EC1C033A29B1E1E600DFDE19 /* MainEndpoint.swift in Sources */,
				EC1C034129B2173800DFDE19 /* AlertService.swift in Sources */,
				EC1C032D29B1DF1200DFDE19 /* CuraredPhotosViewModel.swift in Sources */,
				ECD07C8929AD2FA600CAE16B /* Router.swift in Sources */,
				ECD07C7329AD215600CAE16B /* MainViewController.swift in Sources */,
				ECC810EE29AF49D900CEE04B /* DetailInfoPresenter.swift in Sources */,
				ECD07C6F29AD215600CAE16B /* AppDelegate.swift in Sources */,
				EC1C032829B1DDA500DFDE19 /* FlowLayoutCell.swift in Sources */,
				ECC810EC29AF497500CEE04B /* DetailInfoViewController.swift in Sources */,
				ECD07C8729AD2E9400CAE16B /* AssemblyModuleBuilder.swift in Sources */,
				EC1C033F29B1EC0C00DFDE19 /* DetailInfoViewModel.swift in Sources */,
			);
			runOnlyForDeploymentPostprocessing = 0;
		};
/* End PBXSourcesBuildPhase section */

/* Begin PBXVariantGroup section */
		ECD07C7929AD215800CAE16B /* LaunchScreen.storyboard */ = {
			isa = PBXVariantGroup;
			children = (
				ECD07C7A29AD215800CAE16B /* Base */,
			);
			name = LaunchScreen.storyboard;
			sourceTree = "<group>";
		};
/* End PBXVariantGroup section */

/* Begin XCBuildConfiguration section */
		ECD07C7D29AD215800CAE16B /* Debug */ = {
			isa = XCBuildConfiguration;
			buildSettings = {
				ALWAYS_SEARCH_USER_PATHS = NO;
				CLANG_ANALYZER_NONNULL = YES;
				CLANG_ANALYZER_NUMBER_OBJECT_CONVERSION = YES_AGGRESSIVE;
				CLANG_CXX_LANGUAGE_STANDARD = "gnu++20";
				CLANG_ENABLE_MODULES = YES;
				CLANG_ENABLE_OBJC_ARC = YES;
				CLANG_ENABLE_OBJC_WEAK = YES;
				CLANG_WARN_BLOCK_CAPTURE_AUTORELEASING = YES;
				CLANG_WARN_BOOL_CONVERSION = YES;
				CLANG_WARN_COMMA = YES;
				CLANG_WARN_CONSTANT_CONVERSION = YES;
				CLANG_WARN_DEPRECATED_OBJC_IMPLEMENTATIONS = YES;
				CLANG_WARN_DIRECT_OBJC_ISA_USAGE = YES_ERROR;
				CLANG_WARN_DOCUMENTATION_COMMENTS = YES;
				CLANG_WARN_EMPTY_BODY = YES;
				CLANG_WARN_ENUM_CONVERSION = YES;
				CLANG_WARN_INFINITE_RECURSION = YES;
				CLANG_WARN_INT_CONVERSION = YES;
				CLANG_WARN_NON_LITERAL_NULL_CONVERSION = YES;
				CLANG_WARN_OBJC_IMPLICIT_RETAIN_SELF = YES;
				CLANG_WARN_OBJC_LITERAL_CONVERSION = YES;
				CLANG_WARN_OBJC_ROOT_CLASS = YES_ERROR;
				CLANG_WARN_QUOTED_INCLUDE_IN_FRAMEWORK_HEADER = YES;
				CLANG_WARN_RANGE_LOOP_ANALYSIS = YES;
				CLANG_WARN_STRICT_PROTOTYPES = YES;
				CLANG_WARN_SUSPICIOUS_MOVE = YES;
				CLANG_WARN_UNGUARDED_AVAILABILITY = YES_AGGRESSIVE;
				CLANG_WARN_UNREACHABLE_CODE = YES;
				CLANG_WARN__DUPLICATE_METHOD_MATCH = YES;
				COPY_PHASE_STRIP = NO;
				DEBUG_INFORMATION_FORMAT = dwarf;
				ENABLE_STRICT_OBJC_MSGSEND = YES;
				ENABLE_TESTABILITY = YES;
				GCC_C_LANGUAGE_STANDARD = gnu11;
				GCC_DYNAMIC_NO_PIC = NO;
				GCC_NO_COMMON_BLOCKS = YES;
				GCC_OPTIMIZATION_LEVEL = 0;
				GCC_PREPROCESSOR_DEFINITIONS = (
					"DEBUG=1",
					"$(inherited)",
				);
				GCC_WARN_64_TO_32_BIT_CONVERSION = YES;
				GCC_WARN_ABOUT_RETURN_TYPE = YES_ERROR;
				GCC_WARN_UNDECLARED_SELECTOR = YES;
				GCC_WARN_UNINITIALIZED_AUTOS = YES_AGGRESSIVE;
				GCC_WARN_UNUSED_FUNCTION = YES;
				GCC_WARN_UNUSED_VARIABLE = YES;
				IPHONEOS_DEPLOYMENT_TARGET = 16.0;
				MTL_ENABLE_DEBUG_INFO = INCLUDE_SOURCE;
				MTL_FAST_MATH = YES;
				ONLY_ACTIVE_ARCH = YES;
				SDKROOT = iphoneos;
				SWIFT_ACTIVE_COMPILATION_CONDITIONS = DEBUG;
				SWIFT_OPTIMIZATION_LEVEL = "-Onone";
			};
			name = Debug;
		};
		ECD07C7E29AD215800CAE16B /* Release */ = {
			isa = XCBuildConfiguration;
			buildSettings = {
				ALWAYS_SEARCH_USER_PATHS = NO;
				CLANG_ANALYZER_NONNULL = YES;
				CLANG_ANALYZER_NUMBER_OBJECT_CONVERSION = YES_AGGRESSIVE;
				CLANG_CXX_LANGUAGE_STANDARD = "gnu++20";
				CLANG_ENABLE_MODULES = YES;
				CLANG_ENABLE_OBJC_ARC = YES;
				CLANG_ENABLE_OBJC_WEAK = YES;
				CLANG_WARN_BLOCK_CAPTURE_AUTORELEASING = YES;
				CLANG_WARN_BOOL_CONVERSION = YES;
				CLANG_WARN_COMMA = YES;
				CLANG_WARN_CONSTANT_CONVERSION = YES;
				CLANG_WARN_DEPRECATED_OBJC_IMPLEMENTATIONS = YES;
				CLANG_WARN_DIRECT_OBJC_ISA_USAGE = YES_ERROR;
				CLANG_WARN_DOCUMENTATION_COMMENTS = YES;
				CLANG_WARN_EMPTY_BODY = YES;
				CLANG_WARN_ENUM_CONVERSION = YES;
				CLANG_WARN_INFINITE_RECURSION = YES;
				CLANG_WARN_INT_CONVERSION = YES;
				CLANG_WARN_NON_LITERAL_NULL_CONVERSION = YES;
				CLANG_WARN_OBJC_IMPLICIT_RETAIN_SELF = YES;
				CLANG_WARN_OBJC_LITERAL_CONVERSION = YES;
				CLANG_WARN_OBJC_ROOT_CLASS = YES_ERROR;
				CLANG_WARN_QUOTED_INCLUDE_IN_FRAMEWORK_HEADER = YES;
				CLANG_WARN_RANGE_LOOP_ANALYSIS = YES;
				CLANG_WARN_STRICT_PROTOTYPES = YES;
				CLANG_WARN_SUSPICIOUS_MOVE = YES;
				CLANG_WARN_UNGUARDED_AVAILABILITY = YES_AGGRESSIVE;
				CLANG_WARN_UNREACHABLE_CODE = YES;
				CLANG_WARN__DUPLICATE_METHOD_MATCH = YES;
				COPY_PHASE_STRIP = NO;
				DEBUG_INFORMATION_FORMAT = "dwarf-with-dsym";
				ENABLE_NS_ASSERTIONS = NO;
				ENABLE_STRICT_OBJC_MSGSEND = YES;
				GCC_C_LANGUAGE_STANDARD = gnu11;
				GCC_NO_COMMON_BLOCKS = YES;
				GCC_WARN_64_TO_32_BIT_CONVERSION = YES;
				GCC_WARN_ABOUT_RETURN_TYPE = YES_ERROR;
				GCC_WARN_UNDECLARED_SELECTOR = YES;
				GCC_WARN_UNINITIALIZED_AUTOS = YES_AGGRESSIVE;
				GCC_WARN_UNUSED_FUNCTION = YES;
				GCC_WARN_UNUSED_VARIABLE = YES;
				IPHONEOS_DEPLOYMENT_TARGET = 16.0;
				MTL_ENABLE_DEBUG_INFO = NO;
				MTL_FAST_MATH = YES;
				SDKROOT = iphoneos;
				SWIFT_COMPILATION_MODE = wholemodule;
				SWIFT_OPTIMIZATION_LEVEL = "-O";
				VALIDATE_PRODUCT = YES;
			};
			name = Release;
		};
		ECD07C8029AD215800CAE16B /* Debug */ = {
			isa = XCBuildConfiguration;
			buildSettings = {
				ASSETCATALOG_COMPILER_APPICON_NAME = AppIcon;
				ASSETCATALOG_COMPILER_GLOBAL_ACCENT_COLOR_NAME = AccentColor;
				CODE_SIGN_STYLE = Automatic;
				CURRENT_PROJECT_VERSION = 1;
				DEVELOPMENT_TEAM = 3496F3A4HL;
				GENERATE_INFOPLIST_FILE = YES;
				INFOPLIST_FILE = WallpaperMVP/Resources/Info.plist;
				INFOPLIST_KEY_UIApplicationSupportsIndirectInputEvents = YES;
				INFOPLIST_KEY_UILaunchStoryboardName = LaunchScreen;
				INFOPLIST_KEY_UIMainStoryboardFile = "";
				INFOPLIST_KEY_UISupportedInterfaceOrientations_iPad = "UIInterfaceOrientationPortrait UIInterfaceOrientationPortraitUpsideDown UIInterfaceOrientationLandscapeLeft UIInterfaceOrientationLandscapeRight";
				INFOPLIST_KEY_UISupportedInterfaceOrientations_iPhone = "UIInterfaceOrientationPortrait UIInterfaceOrientationLandscapeLeft UIInterfaceOrientationLandscapeRight";
				IPHONEOS_DEPLOYMENT_TARGET = 14.5;
				LD_RUNPATH_SEARCH_PATHS = (
					"$(inherited)",
					"@executable_path/Frameworks",
				);
				MARKETING_VERSION = 1.0;
				PRODUCT_BUNDLE_IDENTIFIER = com.my.WallpaperMVP;
				PRODUCT_NAME = "$(TARGET_NAME)";
				SUPPORTED_PLATFORMS = "iphoneos iphonesimulator";
				SUPPORTS_MACCATALYST = NO;
				SUPPORTS_MAC_DESIGNED_FOR_IPHONE_IPAD = NO;
				SWIFT_EMIT_LOC_STRINGS = YES;
				SWIFT_VERSION = 5.0;
				TARGETED_DEVICE_FAMILY = "1,2";
			};
			name = Debug;
		};
		ECD07C8129AD215800CAE16B /* Release */ = {
			isa = XCBuildConfiguration;
			buildSettings = {
				ASSETCATALOG_COMPILER_APPICON_NAME = AppIcon;
				ASSETCATALOG_COMPILER_GLOBAL_ACCENT_COLOR_NAME = AccentColor;
				CODE_SIGN_STYLE = Automatic;
				CURRENT_PROJECT_VERSION = 1;
				DEVELOPMENT_TEAM = 3496F3A4HL;
				GENERATE_INFOPLIST_FILE = YES;
				INFOPLIST_FILE = WallpaperMVP/Resources/Info.plist;
				INFOPLIST_KEY_UIApplicationSupportsIndirectInputEvents = YES;
				INFOPLIST_KEY_UILaunchStoryboardName = LaunchScreen;
				INFOPLIST_KEY_UIMainStoryboardFile = "";
				INFOPLIST_KEY_UISupportedInterfaceOrientations_iPad = "UIInterfaceOrientationPortrait UIInterfaceOrientationPortraitUpsideDown UIInterfaceOrientationLandscapeLeft UIInterfaceOrientationLandscapeRight";
				INFOPLIST_KEY_UISupportedInterfaceOrientations_iPhone = "UIInterfaceOrientationPortrait UIInterfaceOrientationLandscapeLeft UIInterfaceOrientationLandscapeRight";
				IPHONEOS_DEPLOYMENT_TARGET = 14.5;
				LD_RUNPATH_SEARCH_PATHS = (
					"$(inherited)",
					"@executable_path/Frameworks",
				);
				MARKETING_VERSION = 1.0;
				PRODUCT_BUNDLE_IDENTIFIER = com.my.WallpaperMVP;
				PRODUCT_NAME = "$(TARGET_NAME)";
				SUPPORTED_PLATFORMS = "iphoneos iphonesimulator";
				SUPPORTS_MACCATALYST = NO;
				SUPPORTS_MAC_DESIGNED_FOR_IPHONE_IPAD = NO;
				SWIFT_EMIT_LOC_STRINGS = YES;
				SWIFT_VERSION = 5.0;
				TARGETED_DEVICE_FAMILY = "1,2";
			};
			name = Release;
		};
/* End XCBuildConfiguration section */

/* Begin XCConfigurationList section */
		ECD07C6629AD215600CAE16B /* Build configuration list for PBXProject "WallpaperMVP" */ = {
			isa = XCConfigurationList;
			buildConfigurations = (
				ECD07C7D29AD215800CAE16B /* Debug */,
				ECD07C7E29AD215800CAE16B /* Release */,
			);
			defaultConfigurationIsVisible = 0;
			defaultConfigurationName = Release;
		};
		ECD07C7F29AD215800CAE16B /* Build configuration list for PBXNativeTarget "WallpaperMVP" */ = {
			isa = XCConfigurationList;
			buildConfigurations = (
				ECD07C8029AD215800CAE16B /* Debug */,
				ECD07C8129AD215800CAE16B /* Release */,
			);
			defaultConfigurationIsVisible = 0;
			defaultConfigurationName = Release;
		};
/* End XCConfigurationList section */

/* Begin XCRemoteSwiftPackageReference section */
		EC1C033B29B1E4EE00DFDE19 /* XCRemoteSwiftPackageReference "Kingfisher" */ = {
			isa = XCRemoteSwiftPackageReference;
			repositoryURL = "https://github.com/onevcat/Kingfisher?ysclid=leqy9ts8jv620236141";
			requirement = {
				branch = master;
				kind = branch;
			};
		};
/* End XCRemoteSwiftPackageReference section */

/* Begin XCSwiftPackageProductDependency section */
		EC1C033C29B1E4EE00DFDE19 /* Kingfisher */ = {
			isa = XCSwiftPackageProductDependency;
			package = EC1C033B29B1E4EE00DFDE19 /* XCRemoteSwiftPackageReference "Kingfisher" */;
			productName = Kingfisher;
		};
/* End XCSwiftPackageProductDependency section */
	};
	rootObject = ECD07C6329AD215600CAE16B /* Project object */;
}
